
Microsoft Visual Studio Solution File, Format Version 12.00
# Visual Studio Version 17
VisualStudioVersion = 17.10.34928.147
MinimumVisualStudioVersion = 10.0.40219.1
Project("{FAE04EC0-301F-11D3-BF4B-00C04F79EFBC}") = "EntityBuilder", "EntityBuilder.csproj", "{894439D9-05FF-4CA6-8B29-591809437D8A}"
EndProject
Global
	GlobalSection(SolutionConfigurationPlatforms) = preSolution
		Debug|Any CPU = Debug|Any CPU
		Release|Any CPU = Release|Any CPU
	EndGlobalSection
	GlobalSection(ProjectConfigurationPlatforms) = postSolution
		{894439D9-05FF-4CA6-8B29-591809437D8A}.Debug|Any CPU.ActiveCfg = Debug|Any CPU
		{894439D9-05FF-4CA6-8B29-591809437D8A}.Debug|Any CPU.Build.0 = Debug|Any CPU
		{894439D9-05FF-4CA6-8B29-591809437D8A}.Release|Any CPU.ActiveCfg = Release|Any CPU
		{894439D9-05FF-4CA6-8B29-591809437D8A}.Release|Any CPU.Build.0 = Release|Any CPU
	EndGlobalSection
	GlobalSection(SolutionProperties) = preSolution
		HideSolutionNode = FALSE
	EndGlobalSection
	GlobalSection(ExtensibilityGlobals) = postSolution
		SolutionGuid = {253BB74E-760D-423F-A158-05D9757D1F3B}
	EndGlobalSection
EndGlobal
